
Microsoft Visual Studio Solution File, Format Version 12.00
# Visual Studio Version 17
VisualStudioVersion = 17.2.32630.192
MinimumVisualStudioVersion = 10.0.40219.1
Project("{FAE04EC0-301F-11D3-BF4B-00C04F79EFBC}") = "Lab11", "Lab11\Lab11.csproj", "{AA8B29E1-761D-448F-9990-342E3636E57F}"
EndProject
Global
	GlobalSection(SolutionConfigurationPlatforms) = preSolution
		Debug|Any CPU = Debug|Any CPU
		Release|Any CPU = Release|Any CPU
	EndGlobalSection
	GlobalSection(ProjectConfigurationPlatforms) = postSolution
		{AA8B29E1-761D-448F-9990-342E3636E57F}.Debug|Any CPU.ActiveCfg = Debug|Any CPU
		{AA8B29E1-761D-448F-9990-342E3636E57F}.Debug|Any CPU.Build.0 = Debug|Any CPU
		{AA8B29E1-761D-448F-9990-342E3636E57F}.Release|Any CPU.ActiveCfg = Release|Any CPU
		{AA8B29E1-761D-448F-9990-342E3636E57F}.Release|Any CPU.Build.0 = Release|Any CPU
	EndGlobalSection
	GlobalSection(SolutionProperties) = preSolution
		HideSolutionNode = FALSE
	EndGlobalSection
	GlobalSection(ExtensibilityGlobals) = postSolution
		SolutionGuid = {5A23CC2A-1AC3-412E-B169-9180D4866E28}
	EndGlobalSection
EndGlobal
